
Microsoft Visual Studio Solution File, Format Version 12.00
# Visual Studio Version 17
VisualStudioVersion = 17.10.35013.160
MinimumVisualStudioVersion = 10.0.40219.1
Project("{9A19103F-16F7-4668-BE54-9A1E7A4F7556}") = "xeghephanoiAPIs", "xeghephanoiAPIs.csproj", "{B983A4D3-295A-4ACE-9409-AC12324BF743}"
EndProject
Global
	GlobalSection(SolutionConfigurationPlatforms) = preSolution
		Debug|Any CPU = Debug|Any CPU
		Release|Any CPU = Release|Any CPU
	EndGlobalSection
	GlobalSection(ProjectConfigurationPlatforms) = postSolution
		{B983A4D3-295A-4ACE-9409-AC12324BF743}.Debug|Any CPU.ActiveCfg = Debug|Any CPU
		{B983A4D3-295A-4ACE-9409-AC12324BF743}.Debug|Any CPU.Build.0 = Debug|Any CPU
		{B983A4D3-295A-4ACE-9409-AC12324BF743}.Release|Any CPU.ActiveCfg = Release|Any CPU
		{B983A4D3-295A-4ACE-9409-AC12324BF743}.Release|Any CPU.Build.0 = Release|Any CPU
	EndGlobalSection
	GlobalSection(SolutionProperties) = preSolution
		HideSolutionNode = FALSE
	EndGlobalSection
	GlobalSection(ExtensibilityGlobals) = postSolution
		SolutionGuid = {CD7A36D7-AEEC-4242-A96E-46A25829BA03}
	EndGlobalSection
EndGlobal
